// !$*UTF8*$!
{
	archiveVersion = 1;
	classes = {
	};
	objectVersion = 50;
	objects = {

/* Begin PBXBuildFile section */
		1D1AAABB23681044005C688C /* zapsplat_alarm_siren.mp3 in Resources */ = {isa = PBXBuildFile; fileRef = 1D1AAABA23681044005C688C /* zapsplat_alarm_siren.mp3 */; };
		1D1AAABD23681A47005C688C /* zapsplat_alarm_siren02.mp3 in Resources */ = {isa = PBXBuildFile; fileRef = 1D1AAABC23681A47005C688C /* zapsplat_alarm_siren02.mp3 */; };
		1D1AAABF23681B27005C688C /* zapsplat_alarm_siren01.mp3 in Resources */ = {isa = PBXBuildFile; fileRef = 1D1AAABE23681B26005C688C /* zapsplat_alarm_siren01.mp3 */; };
		1D1AAAC123682897005C688C /* CustomGradientView.swift in Sources */ = {isa = PBXBuildFile; fileRef = 1D1AAAC023682897005C688C /* CustomGradientView.swift */; };
		1D2BD46A2366BF7000D728DF /* DetectionViewController.swift in Sources */ = {isa = PBXBuildFile; fileRef = 1D2BD4692366BF7000D728DF /* DetectionViewController.swift */; };
		1D50500E236183A100BCB81A /* IntroViewController.swift in Sources */ = {isa = PBXBuildFile; fileRef = 1D50500D236183A100BCB81A /* IntroViewController.swift */; };
		1D8C58BE23690CDF005C0FDB /* FallDetectedViewController.swift in Sources */ = {isa = PBXBuildFile; fileRef = 1D8C58BD23690CDF005C0FDB /* FallDetectedViewController.swift */; };
		1D8C58C023692A1E005C0FDB /* FallSensingViewController.swift in Sources */ = {isa = PBXBuildFile; fileRef = 1D8C58BF23692A1E005C0FDB /* FallSensingViewController.swift */; };
		1DA87F9A23616CCB00175B49 /* AppDelegate.swift in Sources */ = {isa = PBXBuildFile; fileRef = 1DA87F9923616CCB00175B49 /* AppDelegate.swift */; };
		1DA87F9C23616CCB00175B49 /* RootViewController.swift in Sources */ = {isa = PBXBuildFile; fileRef = 1DA87F9B23616CCB00175B49 /* RootViewController.swift */; };
		1DA87F9E23616CCB00175B49 /* DataViewController.swift in Sources */ = {isa = PBXBuildFile; fileRef = 1DA87F9D23616CCB00175B49 /* DataViewController.swift */; };
		1DA87FA023616CCB00175B49 /* ModelController.swift in Sources */ = {isa = PBXBuildFile; fileRef = 1DA87F9F23616CCB00175B49 /* ModelController.swift */; };
		1DA87FA323616CCB00175B49 /* Main.storyboard in Resources */ = {isa = PBXBuildFile; fileRef = 1DA87FA123616CCB00175B49 /* Main.storyboard */; };
		1DA87FA523616CCB00175B49 /* Assets.xcassets in Resources */ = {isa = PBXBuildFile; fileRef = 1DA87FA423616CCB00175B49 /* Assets.xcassets */; };
		1DA87FA823616CCB00175B49 /* LaunchScreen.storyboard in Resources */ = {isa = PBXBuildFile; fileRef = 1DA87FA623616CCB00175B49 /* LaunchScreen.storyboard */; };
		1DC17CB8236A6E7E00D01477 /* CircleView.swift in Sources */ = {isa = PBXBuildFile; fileRef = 1DC17CB7236A6E7E00D01477 /* CircleView.swift */; };
		1DC17CBA236A840800D01477 /* RoundedButton.swift in Sources */ = {isa = PBXBuildFile; fileRef = 1DC17CB9236A840800D01477 /* RoundedButton.swift */; };
/* End PBXBuildFile section */

/* Begin PBXFileReference section */
		1D1AAABA23681044005C688C /* zapsplat_alarm_siren.mp3 */ = {isa = PBXFileReference; lastKnownFileType = audio.mp3; path = zapsplat_alarm_siren.mp3; sourceTree = "<group>"; };
		1D1AAABC23681A47005C688C /* zapsplat_alarm_siren02.mp3 */ = {isa = PBXFileReference; lastKnownFileType = audio.mp3; path = zapsplat_alarm_siren02.mp3; sourceTree = "<group>"; };
		1D1AAABE23681B26005C688C /* zapsplat_alarm_siren01.mp3 */ = {isa = PBXFileReference; lastKnownFileType = audio.mp3; path = zapsplat_alarm_siren01.mp3; sourceTree = "<group>"; };
		1D1AAAC023682897005C688C /* CustomGradientView.swift */ = {isa = PBXFileReference; lastKnownFileType = sourcecode.swift; path = CustomGradientView.swift; sourceTree = "<group>"; };
		1D2BD4692366BF7000D728DF /* DetectionViewController.swift */ = {isa = PBXFileReference; lastKnownFileType = sourcecode.swift; path = DetectionViewController.swift; sourceTree = "<group>"; };
		1D50500D236183A100BCB81A /* IntroViewController.swift */ = {isa = PBXFileReference; lastKnownFileType = sourcecode.swift; path = IntroViewController.swift; sourceTree = "<group>"; };
		1D8C58BD23690CDF005C0FDB /* FallDetectedViewController.swift */ = {isa = PBXFileReference; lastKnownFileType = sourcecode.swift; path = FallDetectedViewController.swift; sourceTree = "<group>"; };
		1D8C58BF23692A1E005C0FDB /* FallSensingViewController.swift */ = {isa = PBXFileReference; lastKnownFileType = sourcecode.swift; path = FallSensingViewController.swift; sourceTree = "<group>"; };
		1DA87F9623616CCB00175B49 /* Fall Detection Alert.app */ = {isa = PBXFileReference; explicitFileType = wrapper.application; includeInIndex = 0; path = "Fall Detection Alert.app"; sourceTree = BUILT_PRODUCTS_DIR; };
		1DA87F9923616CCB00175B49 /* AppDelegate.swift */ = {isa = PBXFileReference; lastKnownFileType = sourcecode.swift; path = AppDelegate.swift; sourceTree = "<group>"; };
		1DA87F9B23616CCB00175B49 /* RootViewController.swift */ = {isa = PBXFileReference; lastKnownFileType = sourcecode.swift; path = RootViewController.swift; sourceTree = "<group>"; };
		1DA87F9D23616CCB00175B49 /* DataViewController.swift */ = {isa = PBXFileReference; lastKnownFileType = sourcecode.swift; path = DataViewController.swift; sourceTree = "<group>"; };
		1DA87F9F23616CCB00175B49 /* ModelController.swift */ = {isa = PBXFileReference; lastKnownFileType = sourcecode.swift; path = ModelController.swift; sourceTree = "<group>"; };
		1DA87FA223616CCB00175B49 /* Base */ = {isa = PBXFileReference; lastKnownFileType = file.storyboard; name = Base; path = Base.lproj/Main.storyboard; sourceTree = "<group>"; };
		1DA87FA423616CCB00175B49 /* Assets.xcassets */ = {isa = PBXFileReference; lastKnownFileType = folder.assetcatalog; path = Assets.xcassets; sourceTree = "<group>"; };
		1DA87FA723616CCB00175B49 /* Base */ = {isa = PBXFileReference; lastKnownFileType = file.storyboard; name = Base; path = Base.lproj/LaunchScreen.storyboard; sourceTree = "<group>"; };
		1DA87FA923616CCB00175B49 /* Info.plist */ = {isa = PBXFileReference; lastKnownFileType = text.plist.xml; path = Info.plist; sourceTree = "<group>"; };
		1DA87FB32361716B00175B49 /* Fall Detection Alert-Bridging-Header.h */ = {isa = PBXFileReference; lastKnownFileType = sourcecode.c.h; path = "Fall Detection Alert-Bridging-Header.h"; sourceTree = "<group>"; };
		1DC17CB7236A6E7E00D01477 /* CircleView.swift */ = {isa = PBXFileReference; lastKnownFileType = sourcecode.swift; path = CircleView.swift; sourceTree = "<group>"; };
		1DC17CB9236A840800D01477 /* RoundedButton.swift */ = {isa = PBXFileReference; lastKnownFileType = sourcecode.swift; path = RoundedButton.swift; sourceTree = "<group>"; };
/* End PBXFileReference section */

/* Begin PBXFrameworksBuildPhase section */
		1DA87F9323616CCB00175B49 /* Frameworks */ = {
			isa = PBXFrameworksBuildPhase;
			buildActionMask = 2147483647;
			files = (
			);
			runOnlyForDeploymentPostprocessing = 0;
		};
/* End PBXFrameworksBuildPhase section */

/* Begin PBXGroup section */
		1DA87F8D23616CCB00175B49 = {
			isa = PBXGroup;
			children = (
				1DA87F9823616CCB00175B49 /* Fall Detection Alert */,
				1DA87F9723616CCB00175B49 /* Products */,
			);
			sourceTree = "<group>";
		};
		1DA87F9723616CCB00175B49 /* Products */ = {
			isa = PBXGroup;
			children = (
				1DA87F9623616CCB00175B49 /* Fall Detection Alert.app */,
			);
			name = Products;
			sourceTree = "<group>";
		};
		1DA87F9823616CCB00175B49 /* Fall Detection Alert */ = {
			isa = PBXGroup;
			children = (
				1DA87F9923616CCB00175B49 /* AppDelegate.swift */,
				1DA87FA923616CCB00175B49 /* Info.plist */,
				1D1AAABA23681044005C688C /* zapsplat_alarm_siren.mp3 */,
				1D1AAABE23681B26005C688C /* zapsplat_alarm_siren01.mp3 */,
				1D1AAABC23681A47005C688C /* zapsplat_alarm_siren02.mp3 */,
				1DA87FB023616D3B00175B49 /* View */,
				1DA87FB123616D4200175B49 /* Controllers */,
				1DA87FAF23616D1C00175B49 /* Page VC */,
				1DA87FB223616D5000175B49 /* Support Files */,
			);
			path = "Fall Detection Alert";
			sourceTree = "<group>";
		};
		1DA87FAF23616D1C00175B49 /* Page VC */ = {
			isa = PBXGroup;
			children = (
				1DA87F9B23616CCB00175B49 /* RootViewController.swift */,
				1DA87F9D23616CCB00175B49 /* DataViewController.swift */,
				1DA87F9F23616CCB00175B49 /* ModelController.swift */,
			);
			path = "Page VC";
			sourceTree = "<group>";
		};
		1DA87FB023616D3B00175B49 /* View */ = {
			isa = PBXGroup;
			children = (
				1DA87FA123616CCB00175B49 /* Main.storyboard */,
				1DA87FA623616CCB00175B49 /* LaunchScreen.storyboard */,
				1D1AAAC023682897005C688C /* CustomGradientView.swift */,
				1DC17CB7236A6E7E00D01477 /* CircleView.swift */,
				1DC17CB9236A840800D01477 /* RoundedButton.swift */,
			);
			path = View;
			sourceTree = "<group>";
		};
		1DA87FB123616D4200175B49 /* Controllers */ = {
			isa = PBXGroup;
			children = (
				1DA87FB32361716B00175B49 /* Fall Detection Alert-Bridging-Header.h */,
				1D50500D236183A100BCB81A /* IntroViewController.swift */,
				1D2BD4692366BF7000D728DF /* DetectionViewController.swift */,
				1D8C58BD23690CDF005C0FDB /* FallDetectedViewController.swift */,
				1D8C58BF23692A1E005C0FDB /* FallSensingViewController.swift */,
			);
			path = Controllers;
			sourceTree = "<group>";
		};
		1DA87FB223616D5000175B49 /* Support Files */ = {
			isa = PBXGroup;
			children = (
				1DA87FA423616CCB00175B49 /* Assets.xcassets */,
			);
			path = "Support Files";
			sourceTree = "<group>";
		};
/* End PBXGroup section */

/* Begin PBXNativeTarget section */
		1DA87F9523616CCB00175B49 /* Fall Detection Alert */ = {
			isa = PBXNativeTarget;
			buildConfigurationList = 1DA87FAC23616CCB00175B49 /* Build configuration list for PBXNativeTarget "Fall Detection Alert" */;
			buildPhases = (
				1DA87F9223616CCB00175B49 /* Sources */,
				1DA87F9323616CCB00175B49 /* Frameworks */,
				1DA87F9423616CCB00175B49 /* Resources */,
			);
			buildRules = (
			);
			dependencies = (
			);
			name = "Fall Detection Alert";
			productName = "Fall Detection Alert";
			productReference = 1DA87F9623616CCB00175B49 /* Fall Detection Alert.app */;
			productType = "com.apple.product-type.application";
		};
/* End PBXNativeTarget section */

/* Begin PBXProject section */
		1DA87F8E23616CCB00175B49 /* Project object */ = {
			isa = PBXProject;
			attributes = {
				LastSwiftUpdateCheck = 1030;
				LastUpgradeCheck = 1030;
				ORGANIZATIONNAME = "Arkray Marketing, Inc.";
				TargetAttributes = {
					1DA87F9523616CCB00175B49 = {
						CreatedOnToolsVersion = 10.3;
						LastSwiftMigration = 1030;
					};
				};
			};
			buildConfigurationList = 1DA87F9123616CCB00175B49 /* Build configuration list for PBXProject "Fall Detection Alert" */;
			compatibilityVersion = "Xcode 9.3";
			developmentRegion = en;
			hasScannedForEncodings = 0;
			knownRegions = (
				en,
				Base,
			);
			mainGroup = 1DA87F8D23616CCB00175B49;
			productRefGroup = 1DA87F9723616CCB00175B49 /* Products */;
			projectDirPath = "";
			projectRoot = "";
			targets = (
				1DA87F9523616CCB00175B49 /* Fall Detection Alert */,
			);
		};
/* End PBXProject section */

/* Begin PBXResourcesBuildPhase section */
		1DA87F9423616CCB00175B49 /* Resources */ = {
			isa = PBXResourcesBuildPhase;
			buildActionMask = 2147483647;
			files = (
				1D1AAABD23681A47005C688C /* zapsplat_alarm_siren02.mp3 in Resources */,
				1DA87FA823616CCB00175B49 /* LaunchScreen.storyboard in Resources */,
				1D1AAABB23681044005C688C /* zapsplat_alarm_siren.mp3 in Resources */,
				1DA87FA523616CCB00175B49 /* Assets.xcassets in Resources */,
				1D1AAABF23681B27005C688C /* zapsplat_alarm_siren01.mp3 in Resources */,
				1DA87FA323616CCB00175B49 /* Main.storyboard in Resources */,
			);
			runOnlyForDeploymentPostprocessing = 0;
		};
/* End PBXResourcesBuildPhase section */

/* Begin PBXSourcesBuildPhase section */
		1DA87F9223616CCB00175B49 /* Sources */ = {
			isa = PBXSourcesBuildPhase;
			buildActionMask = 2147483647;
			files = (
				1DA87F9C23616CCB00175B49 /* RootViewController.swift in Sources */,
				1D8C58C023692A1E005C0FDB /* FallSensingViewController.swift in Sources */,
				1D8C58BE23690CDF005C0FDB /* FallDetectedViewController.swift in Sources */,
				1DA87FA023616CCB00175B49 /* ModelController.swift in Sources */,
				1D50500E236183A100BCB81A /* IntroViewController.swift in Sources */,
				1DC17CB8236A6E7E00D01477 /* CircleView.swift in Sources */,
				1DC17CBA236A840800D01477 /* RoundedButton.swift in Sources */,
				1D2BD46A2366BF7000D728DF /* DetectionViewController.swift in Sources */,
				1DA87F9E23616CCB00175B49 /* DataViewController.swift in Sources */,
				1DA87F9A23616CCB00175B49 /* AppDelegate.swift in Sources */,
				1D1AAAC123682897005C688C /* CustomGradientView.swift in Sources */,
			);
			runOnlyForDeploymentPostprocessing = 0;
		};
/* End PBXSourcesBuildPhase section */

/* Begin PBXVariantGroup section */
		1DA87FA123616CCB00175B49 /* Main.storyboard */ = {
			isa = PBXVariantGroup;
			children = (
				1DA87FA223616CCB00175B49 /* Base */,
			);
			name = Main.storyboard;
			sourceTree = "<group>";
		};
		1DA87FA623616CCB00175B49 /* LaunchScreen.storyboard */ = {
			isa = PBXVariantGroup;
			children = (
				1DA87FA723616CCB00175B49 /* Base */,
			);
			name = LaunchScreen.storyboard;
			sourceTree = "<group>";
		};
/* End PBXVariantGroup section */

/* Begin XCBuildConfiguration section */
		1DA87FAA23616CCB00175B49 /* Debug */ = {
			isa = XCBuildConfiguration;
			buildSettings = {
				ALWAYS_SEARCH_USER_PATHS = NO;
				CLANG_ANALYZER_NONNULL = YES;
				CLANG_ANALYZER_NUMBER_OBJECT_CONVERSION = YES_AGGRESSIVE;
				CLANG_CXX_LANGUAGE_STANDARD = "gnu++14";
				CLANG_CXX_LIBRARY = "libc++";
				CLANG_ENABLE_MODULES = YES;
				CLANG_ENABLE_OBJC_ARC = YES;
				CLANG_ENABLE_OBJC_WEAK = YES;
				CLANG_WARN_BLOCK_CAPTURE_AUTORELEASING = YES;
				CLANG_WARN_BOOL_CONVERSION = YES;
				CLANG_WARN_COMMA = YES;
				CLANG_WARN_CONSTANT_CONVERSION = YES;
				CLANG_WARN_DEPRECATED_OBJC_IMPLEMENTATIONS = YES;
				CLANG_WARN_DIRECT_OBJC_ISA_USAGE = YES_ERROR;
				CLANG_WARN_DOCUMENTATION_COMMENTS = YES;
				CLANG_WARN_EMPTY_BODY = YES;
				CLANG_WARN_ENUM_CONVERSION = YES;
				CLANG_WARN_INFINITE_RECURSION = YES;
				CLANG_WARN_INT_CONVERSION = YES;
				CLANG_WARN_NON_LITERAL_NULL_CONVERSION = YES;
				CLANG_WARN_OBJC_IMPLICIT_RETAIN_SELF = YES;
				CLANG_WARN_OBJC_LITERAL_CONVERSION = YES;
				CLANG_WARN_OBJC_ROOT_CLASS = YES_ERROR;
				CLANG_WARN_RANGE_LOOP_ANALYSIS = YES;
				CLANG_WARN_STRICT_PROTOTYPES = YES;
				CLANG_WARN_SUSPICIOUS_MOVE = YES;
				CLANG_WARN_UNGUARDED_AVAILABILITY = YES_AGGRESSIVE;
				CLANG_WARN_UNREACHABLE_CODE = YES;
				CLANG_WARN__DUPLICATE_METHOD_MATCH = YES;
				CODE_SIGN_IDENTITY = "iPhone Developer";
				COPY_PHASE_STRIP = NO;
				DEBUG_INFORMATION_FORMAT = dwarf;
				ENABLE_STRICT_OBJC_MSGSEND = YES;
				ENABLE_TESTABILITY = YES;
				GCC_C_LANGUAGE_STANDARD = gnu11;
				GCC_DYNAMIC_NO_PIC = NO;
				GCC_NO_COMMON_BLOCKS = YES;
				GCC_OPTIMIZATION_LEVEL = 0;
				GCC_PREPROCESSOR_DEFINITIONS = (
					"DEBUG=1",
					"$(inherited)",
				);
				GCC_WARN_64_TO_32_BIT_CONVERSION = YES;
				GCC_WARN_ABOUT_RETURN_TYPE = YES_ERROR;
				GCC_WARN_UNDECLARED_SELECTOR = YES;
				GCC_WARN_UNINITIALIZED_AUTOS = YES_AGGRESSIVE;
				GCC_WARN_UNUSED_FUNCTION = YES;
				GCC_WARN_UNUSED_VARIABLE = YES;
				IPHONEOS_DEPLOYMENT_TARGET = 10.0;
				MTL_ENABLE_DEBUG_INFO = INCLUDE_SOURCE;
				MTL_FAST_MATH = YES;
				ONLY_ACTIVE_ARCH = YES;
				SDKROOT = iphoneos;
				SWIFT_ACTIVE_COMPILATION_CONDITIONS = DEBUG;
				SWIFT_OPTIMIZATION_LEVEL = "-Onone";
			};
			name = Debug;
		};
		1DA87FAB23616CCB00175B49 /* Release */ = {
			isa = XCBuildConfiguration;
			buildSettings = {
				ALWAYS_SEARCH_USER_PATHS = NO;
				CLANG_ANALYZER_NONNULL = YES;
				CLANG_ANALYZER_NUMBER_OBJECT_CONVERSION = YES_AGGRESSIVE;
				CLANG_CXX_LANGUAGE_STANDARD = "gnu++14";
				CLANG_CXX_LIBRARY = "libc++";
				CLANG_ENABLE_MODULES = YES;
				CLANG_ENABLE_OBJC_ARC = YES;
				CLANG_ENABLE_OBJC_WEAK = YES;
				CLANG_WARN_BLOCK_CAPTURE_AUTORELEASING = YES;
				CLANG_WARN_BOOL_CONVERSION = YES;
				CLANG_WARN_COMMA = YES;
				CLANG_WARN_CONSTANT_CONVERSION = YES;
				CLANG_WARN_DEPRECATED_OBJC_IMPLEMENTATIONS = YES;
				CLANG_WARN_DIRECT_OBJC_ISA_USAGE = YES_ERROR;
				CLANG_WARN_DOCUMENTATION_COMMENTS = YES;
				CLANG_WARN_EMPTY_BODY = YES;
				CLANG_WARN_ENUM_CONVERSION = YES;
				CLANG_WARN_INFINITE_RECURSION = YES;
				CLANG_WARN_INT_CONVERSION = YES;
				CLANG_WARN_NON_LITERAL_NULL_CONVERSION = YES;
				CLANG_WARN_OBJC_IMPLICIT_RETAIN_SELF = YES;
				CLANG_WARN_OBJC_LITERAL_CONVERSION = YES;
				CLANG_WARN_OBJC_ROOT_CLASS = YES_ERROR;
				CLANG_WARN_RANGE_LOOP_ANALYSIS = YES;
				CLANG_WARN_STRICT_PROTOTYPES = YES;
				CLANG_WARN_SUSPICIOUS_MOVE = YES;
				CLANG_WARN_UNGUARDED_AVAILABILITY = YES_AGGRESSIVE;
				CLANG_WARN_UNREACHABLE_CODE = YES;
				CLANG_WARN__DUPLICATE_METHOD_MATCH = YES;
				CODE_SIGN_IDENTITY = "iPhone Developer";
				COPY_PHASE_STRIP = NO;
				DEBUG_INFORMATION_FORMAT = "dwarf-with-dsym";
				ENABLE_NS_ASSERTIONS = NO;
				ENABLE_STRICT_OBJC_MSGSEND = YES;
				GCC_C_LANGUAGE_STANDARD = gnu11;
				GCC_NO_COMMON_BLOCKS = YES;
				GCC_WARN_64_TO_32_BIT_CONVERSION = YES;
				GCC_WARN_ABOUT_RETURN_TYPE = YES_ERROR;
				GCC_WARN_UNDECLARED_SELECTOR = YES;
				GCC_WARN_UNINITIALIZED_AUTOS = YES_AGGRESSIVE;
				GCC_WARN_UNUSED_FUNCTION = YES;
				GCC_WARN_UNUSED_VARIABLE = YES;
				IPHONEOS_DEPLOYMENT_TARGET = 10.0;
				MTL_ENABLE_DEBUG_INFO = NO;
				MTL_FAST_MATH = YES;
				SDKROOT = iphoneos;
				SWIFT_COMPILATION_MODE = wholemodule;
				SWIFT_OPTIMIZATION_LEVEL = "-O";
				VALIDATE_PRODUCT = YES;
			};
			name = Release;
		};
		1DA87FAD23616CCB00175B49 /* Debug */ = {
			isa = XCBuildConfiguration;
			buildSettings = {
				ASSETCATALOG_COMPILER_APPICON_NAME = AppIcon;
				CLANG_ENABLE_MODULES = YES;
				CODE_SIGN_STYLE = Automatic;
				DEVELOPMENT_TEAM = FS5454LL5C;
				INFOPLIST_FILE = "Fall Detection Alert/Info.plist";
				LD_RUNPATH_SEARCH_PATHS = (
					"$(inherited)",
					"@executable_path/Frameworks",
				);
				PRODUCT_BUNDLE_IDENTIFIER = "com.ArkrayPHM.Fall-Detection-Alert";
				PRODUCT_NAME = "$(TARGET_NAME)";
				SWIFT_OBJC_BRIDGING_HEADER = "Fall Detection Alert/Controllers/Fall Detection Alert-Bridging-Header.h";
				SWIFT_OPTIMIZATION_LEVEL = "-Onone";
				SWIFT_VERSION = 5.0;
				TARGETED_DEVICE_FAMILY = "1,2";
			};
			name = Debug;
		};
		1DA87FAE23616CCB00175B49 /* Release */ = {
			isa = XCBuildConfiguration;
			buildSettings = {
				ASSETCATALOG_COMPILER_APPICON_NAME = AppIcon;
				CLANG_ENABLE_MODULES = YES;
				CODE_SIGN_STYLE = Automatic;
				DEVELOPMENT_TEAM = FS5454LL5C;
				INFOPLIST_FILE = "Fall Detection Alert/Info.plist";
				LD_RUNPATH_SEARCH_PATHS = (
					"$(inherited)",
					"@executable_path/Frameworks",
				);
				PRODUCT_BUNDLE_IDENTIFIER = "com.ArkrayPHM.Fall-Detection-Alert";
				PRODUCT_NAME = "$(TARGET_NAME)";
				SWIFT_OBJC_BRIDGING_HEADER = "Fall Detection Alert/Controllers/Fall Detection Alert-Bridging-Header.h";
				SWIFT_VERSION = 5.0;
				TARGETED_DEVICE_FAMILY = "1,2";
			};
			name = Release;
		};
/* End XCBuildConfiguration section */

/* Begin XCConfigurationList section */
		1DA87F9123616CCB00175B49 /* Build configuration list for PBXProject "Fall Detection Alert" */ = {
			isa = XCConfigurationList;
			buildConfigurations = (
				1DA87FAA23616CCB00175B49 /* Debug */,
				1DA87FAB23616CCB00175B49 /* Release */,
			);
			defaultConfigurationIsVisible = 0;
			defaultConfigurationName = Release;
		};
		1DA87FAC23616CCB00175B49 /* Build configuration list for PBXNativeTarget "Fall Detection Alert" */ = {
			isa = XCConfigurationList;
			buildConfigurations = (
				1DA87FAD23616CCB00175B49 /* Debug */,
				1DA87FAE23616CCB00175B49 /* Release */,
			);
			defaultConfigurationIsVisible = 0;
			defaultConfigurationName = Release;
		};
/* End XCConfigurationList section */
	};
	rootObject = 1DA87F8E23616CCB00175B49 /* Project object */;
}
